
Microsoft Visual Studio Solution File, Format Version 12.00
# Visual Studio Version 17
VisualStudioVersion = 17.3.32929.385
MinimumVisualStudioVersion = 10.0.40219.1
Project("{FAE04EC0-301F-11D3-BF4B-00C04F79EFBC}") = "lab10.1(console)", "lab10.1(console)\lab10.1(console).csproj", "{AC28FE53-1C8A-47ED-8DC3-C45EB4C0D003}"
EndProject
Global
	GlobalSection(SolutionConfigurationPlatforms) = preSolution
		Debug|Any CPU = Debug|Any CPU
		Release|Any CPU = Release|Any CPU
	EndGlobalSection
	GlobalSection(ProjectConfigurationPlatforms) = postSolution
		{AC28FE53-1C8A-47ED-8DC3-C45EB4C0D003}.Debug|Any CPU.ActiveCfg = Debug|Any CPU
		{AC28FE53-1C8A-47ED-8DC3-C45EB4C0D003}.Debug|Any CPU.Build.0 = Debug|Any CPU
		{AC28FE53-1C8A-47ED-8DC3-C45EB4C0D003}.Release|Any CPU.ActiveCfg = Release|Any CPU
		{AC28FE53-1C8A-47ED-8DC3-C45EB4C0D003}.Release|Any CPU.Build.0 = Release|Any CPU
	EndGlobalSection
	GlobalSection(SolutionProperties) = preSolution
		HideSolutionNode = FALSE
	EndGlobalSection
	GlobalSection(ExtensibilityGlobals) = postSolution
		SolutionGuid = {EBDC3573-1B38-4E20-8BF0-7F37DF9CCF59}
	EndGlobalSection
EndGlobal
